
Microsoft Visual Studio Solution File, Format Version 12.00
# Visual Studio Version 17
VisualStudioVersion = 17.3.32922.545
MinimumVisualStudioVersion = 10.0.40219.1
Project("{FAE04EC0-301F-11D3-BF4B-00C04F79EFBC}") = "alquilerVehiculos", "alquilerVehiculos\alquilerVehiculos.csproj", "{FB931EF5-2DCD-45AE-85D2-06138584D26B}"
EndProject
Global
	GlobalSection(SolutionConfigurationPlatforms) = preSolution
		Debug|Any CPU = Debug|Any CPU
		Release|Any CPU = Release|Any CPU
	EndGlobalSection
	GlobalSection(ProjectConfigurationPlatforms) = postSolution
		{FB931EF5-2DCD-45AE-85D2-06138584D26B}.Debug|Any CPU.ActiveCfg = Debug|Any CPU
		{FB931EF5-2DCD-45AE-85D2-06138584D26B}.Debug|Any CPU.Build.0 = Debug|Any CPU
		{FB931EF5-2DCD-45AE-85D2-06138584D26B}.Release|Any CPU.ActiveCfg = Release|Any CPU
		{FB931EF5-2DCD-45AE-85D2-06138584D26B}.Release|Any CPU.Build.0 = Release|Any CPU
	EndGlobalSection
	GlobalSection(SolutionProperties) = preSolution
		HideSolutionNode = FALSE
	EndGlobalSection
	GlobalSection(ExtensibilityGlobals) = postSolution
		SolutionGuid = {32B2B330-A028-4361-A532-3DBC6D74C03D}
	EndGlobalSection
EndGlobal
